
Microsoft Visual Studio Solution File, Format Version 12.00
# Visual Studio Version 16
VisualStudioVersion = 16.0.28803.452
MinimumVisualStudioVersion = 10.0.40219.1
Project("{FAE04EC0-301F-11D3-BF4B-00C04F79EFBC}") = "Core3.Client", "WPF.ProjectTemplate\Core3.Client.csproj", "{80927D27-A1F5-441A-B77A-964210DA46A3}"
EndProject
Project("{FAE04EC0-301F-11D3-BF4B-00C04F79EFBC}") = "Framework.TemplateClient", "Framework.TemplateClient\Framework.TemplateClient.csproj", "{19555448-2372-46D5-AC1C-E263718E4AC5}"
EndProject
Global
	GlobalSection(SolutionConfigurationPlatforms) = preSolution
		Debug|Any CPU = Debug|Any CPU
		Release|Any CPU = Release|Any CPU
	EndGlobalSection
	GlobalSection(ProjectConfigurationPlatforms) = postSolution
		{80927D27-A1F5-441A-B77A-964210DA46A3}.Debug|Any CPU.ActiveCfg = Debug|Any CPU
		{80927D27-A1F5-441A-B77A-964210DA46A3}.Debug|Any CPU.Build.0 = Debug|Any CPU
		{80927D27-A1F5-441A-B77A-964210DA46A3}.Release|Any CPU.ActiveCfg = Release|Any CPU
		{80927D27-A1F5-441A-B77A-964210DA46A3}.Release|Any CPU.Build.0 = Release|Any CPU
		{19555448-2372-46D5-AC1C-E263718E4AC5}.Debug|Any CPU.ActiveCfg = Debug|Any CPU
		{19555448-2372-46D5-AC1C-E263718E4AC5}.Debug|Any CPU.Build.0 = Debug|Any CPU
		{19555448-2372-46D5-AC1C-E263718E4AC5}.Release|Any CPU.ActiveCfg = Release|Any CPU
		{19555448-2372-46D5-AC1C-E263718E4AC5}.Release|Any CPU.Build.0 = Release|Any CPU
	EndGlobalSection
	GlobalSection(SolutionProperties) = preSolution
		HideSolutionNode = FALSE
	EndGlobalSection
	GlobalSection(ExtensibilityGlobals) = postSolution
		SolutionGuid = {08ED5AD2-F432-4425-8F89-9E9B1FF3945C}
	EndGlobalSection
EndGlobal
